{
  "version": 4,
  "terraform_version": "1.0.2",
  "serial": 11,
  "lineage": "67689355-afd9-f03b-9e87-6fe37ae7aa10",
  "outputs": {
    "resource_group_id": {
      "value": "/subscriptions/80354813-7786-414f-93f2-49a33ce62057/resourceGroups/it-default-rg",
      "type": "string"
    },
    "resource_group_name": {
      "value": "it-default-rg",
      "type": "string"
    },
    "virtual_network_address_space": {
      "value": [
        "10.0.0.0/16"
      ],
      "type": [
        "list",
        "string"
      ]
    },
    "virtual_network_id": {
      "value": "/subscriptions/80354813-7786-414f-93f2-49a33ce62057/resourceGroups/it-default-rg/providers/Microsoft.Network/virtualNetworks/it-default-vnet",
      "type": "string"
    },
    "virtual_network_location": {
      "value": "eastus",
      "type": "string"
    },
    "virtual_network_name": {
      "value": "it-default-vnet",
      "type": "string"
    },
    "virtual_network_subnets": {
      "value": [
        "/subscriptions/80354813-7786-414f-93f2-49a33ce62057/resourceGroups/it-default-rg/providers/Microsoft.Network/virtualNetworks/it-default-vnet/subnets/subnet1",
        "/subscriptions/80354813-7786-414f-93f2-49a33ce62057/resourceGroups/it-default-rg/providers/Microsoft.Network/virtualNetworks/it-default-vnet/subnets/subnet2",
        "/subscriptions/80354813-7786-414f-93f2-49a33ce62057/resourceGroups/it-default-rg/providers/Microsoft.Network/virtualNetworks/it-default-vnet/subnets/subnet3"
      ],
      "type": [
        "tuple",
        [
          "string",
          "string",
          "string"
        ]
      ]
    },
    "vm_public_ip_address": {
      "value": "52.170.67.50",
      "type": "string"
    }
  },
  "resources": [
    {
      "mode": "managed",
      "type": "azurerm_linux_virtual_machine",
      "name": "mylinuxvm",
      "provider": "provider[\"registry.terraform.io/hashicorp/azurerm\"]",
      "instances": [
        {
          "schema_version": 0,
          "attributes": {
            "additional_capabilities": [],
            "admin_password": null,
            "admin_ssh_key": [
              {
                "public_key": "ssh-rsa AAAAB3NzaC1yc2EAAAADAQABAAACAQDBp1PP0AMY1Q55cB5ASHz2kFMdqevNU6TLc6Jw/igPQIhM+y8jtX3nlu+QW1YyQdkGblb22j1z1NvK4ym30dWdgZjEz2tCowgou7IHF3Kc/c1MEjsdQc1LpwCOKkQQJrrGwQ5ZqEd2F1I70365SRVHCK8BMq8HXxh9pmAXQ9pcL2paKBi1O9pzCCxuodP0FFjWvfRnT8rPf2V5dV8LqWiQDqKYivLC89kiXcLf5u/6WU4e25geqgWJpXiMXgTpkV9g7lZtcU9v/fG6VMi5DGQMGHICwsMYaeN/cDwJMy85awbeJdlRWPIP/Ox9Y1NB2qssiUS+fse/rbFiWMkTg5Yp6bvL3tk6M9kJ9DFu9sCfA5hAWpbLVQ8t6DvkxQQb6AeqZtJx5Zm2FMerFWb5me1fqKSzmk6KGOshZZy1y+ctcjlw9HwgxUtYUARklkN4YA4U47UBXZtH20e0BG6QnTBMxH1LgfbbCJvyX4ytPqG+ebTq9xiAij+/ZoX+ZpfMyphr6xiNzFvypqFcpNSdJTVaNU8XPtfpk7NH33ZBWryERriN0MADlRtVJm2TKJ4wZOy+1YF+Zu+yzbPOSAKMA5vKIv8uYW3arnOFFiDl27Fji4bSiBZTDLyXb95xkTixB0NXgbeUBBsPtUpvvGTU8nSpw8hj/7FEE6i94juFu7nP/Q== azureuser@myserver\n",
                "username": "azureuser"
              }
            ],
            "admin_username": "azureuser",
            "allow_extension_operations": true,
            "availability_set_id": "",
            "boot_diagnostics": [],
            "computer_name": "it-default-vm",
            "custom_data": "I2Nsb3VkLWNvbmZpZwpwYWNrYWdlX3VwZ3JhZGU6IGZhbHNlCnBhY2thZ2VzOgogIC0gaHR0cGQKd3JpdGVfZmlsZXM6CiAgLSBvd25lcjogcm9vdDpyb290IAogICAgcGF0aDogL3Zhci93d3cvaHRtbC9pbmRleC5odG1sCiAgICBjb250ZW50OiB8CiAgICAgIDxoMT5XZWxjb21lIHRvIFN0YWNrU2ltcGxpZnkgLSBBUFAtMTwvaDE+CiAgLSBvd25lcjogcm9vdDpyb290IAogICAgcGF0aDogL3Zhci93d3cvaHRtbC9hcHAxL2luZGV4Lmh0bWwKICAgIGNvbnRlbnQ6IHwKICAgICAgPCFET0NUWVBFIGh0bWw+IDxodG1sPiA8Ym9keSBzdHlsZT0iYmFja2dyb3VuZC1jb2xvcjpyZ2IoMjUwLCAyMTAsIDIxMCk7Ij4gPGgxPldlbGNvbWUgdG8gU3RhY2sgU2ltcGxpZnkgLSBBUFAtMTwvaDE+IDxwPlRlcnJhZm9ybSBEZW1vPC9wPiA8cD5BcHBsaWNhdGlvbiBWZXJzaW9uOiBWMTwvcD4gPC9ib2R5PjwvaHRtbD4gICAgICAKcnVuY21kOgogIC0gc3VkbyBzeXN0ZW1jdGwgc3RhcnQgaHR0cGQgIAogIC0gc3VkbyBzeXN0ZW1jdGwgZW5hYmxlIGh0dHBkCiAgLSBzdWRvIHN5c3RlbWN0bCBzdG9wIGZpcmV3YWxsZAogIC0gc3VkbyBta2RpciAvdmFyL3d3dy9odG1sL2FwcDEgCiAgLSBbc3VkbywgY3VybCwgLUgsICJNZXRhZGF0YTp0cnVlIiwgLS1ub3Byb3h5LCAiKiIsICJodHRwOi8vMTY5LjI1NC4xNjkuMjU0L21ldGFkYXRhL2luc3RhbmNlP2FwaS12ZXJzaW9uPTIwMjAtMDktMDEiLCAtbywgL3Zhci93d3cvaHRtbC9hcHAxL21ldGFkYXRhLmh0bWxdCgo=",
            "dedicated_host_id": "",
            "disable_password_authentication": true,
            "encryption_at_host_enabled": false,
            "eviction_policy": "",
            "extensions_time_budget": "PT1H30M",
            "id": "/subscriptions/80354813-7786-414f-93f2-49a33ce62057/resourceGroups/it-default-rg/providers/Microsoft.Compute/virtualMachines/it-default-vm",
            "identity": [],
            "license_type": "",
            "location": "eastus",
            "max_bid_price": -1,
            "name": "it-default-vm",
            "network_interface_ids": [
              "/subscriptions/80354813-7786-414f-93f2-49a33ce62057/resourceGroups/it-default-rg/providers/Microsoft.Network/networkInterfaces/it-default-nic"
            ],
            "os_disk": [
              {
                "caching": "ReadWrite",
                "diff_disk_settings": [],
                "disk_encryption_set_id": "",
                "disk_size_gb": 64,
                "name": "osdisksedozu",
                "storage_account_type": "Standard_LRS",
                "write_accelerator_enabled": false
              }
            ],
            "plan": [],
            "platform_fault_domain": -1,
            "priority": "Regular",
            "private_ip_address": "10.0.1.4",
            "private_ip_addresses": [
              "10.0.1.4"
            ],
            "provision_vm_agent": true,
            "proximity_placement_group_id": "",
            "public_ip_address": "52.170.67.50",
            "public_ip_addresses": [
              "52.170.67.50"
            ],
            "resource_group_name": "it-default-rg",
            "secret": [],
            "size": "Standard_DS1_v2",
            "source_image_id": "",
            "source_image_reference": [
              {
                "offer": "RHEL",
                "publisher": "RedHat",
                "sku": "83-gen2",
                "version": "latest"
              }
            ],
            "tags": {
              "Owner": "Kalyan Reddy Daida",
              "Service": "Demo Services"
            },
            "timeouts": null,
            "virtual_machine_id": "76a15976-7cd5-4f8a-839b-950523edc51a",
            "virtual_machine_scale_set_id": "",
            "zone": ""
          },
          "sensitive_attributes": [],
          "private": "eyJlMmJmYjczMC1lY2FhLTExZTYtOGY4OC0zNDM2M2JjN2M0YzAiOnsiY3JlYXRlIjoyNzAwMDAwMDAwMDAwLCJkZWxldGUiOjI3MDAwMDAwMDAwMDAsInJlYWQiOjMwMDAwMDAwMDAwMCwidXBkYXRlIjoyNzAwMDAwMDAwMDAwfX0=",
          "dependencies": [
            "azurerm_network_interface.myvmnic",
            "azurerm_public_ip.mypublicip",
            "azurerm_resource_group.myrg",
            "module.vnet.azurerm_subnet.subnet",
            "module.vnet.azurerm_virtual_network.vnet",
            "module.vnet.data.azurerm_resource_group.vnet",
            "random_string.myrandom"
          ]
        }
      ]
    },
    {
      "mode": "managed",
      "type": "azurerm_network_interface",
      "name": "myvmnic",
      "provider": "provider[\"registry.terraform.io/hashicorp/azurerm\"]",
      "instances": [
        {
          "schema_version": 0,
          "attributes": {
            "applied_dns_servers": [],
            "dns_servers": [],
            "enable_accelerated_networking": false,
            "enable_ip_forwarding": false,
            "id": "/subscriptions/80354813-7786-414f-93f2-49a33ce62057/resourceGroups/it-default-rg/providers/Microsoft.Network/networkInterfaces/it-default-nic",
            "internal_dns_name_label": "",
            "internal_domain_name_suffix": "k1moka21mq0uroh0vk0m2cstre.bx.internal.cloudapp.net",
            "ip_configuration": [
              {
                "name": "internal",
                "primary": true,
                "private_ip_address": "10.0.1.4",
                "private_ip_address_allocation": "Dynamic",
                "private_ip_address_version": "IPv4",
                "public_ip_address_id": "/subscriptions/80354813-7786-414f-93f2-49a33ce62057/resourceGroups/it-default-rg/providers/Microsoft.Network/publicIPAddresses/it-default-publicip",
                "subnet_id": "/subscriptions/80354813-7786-414f-93f2-49a33ce62057/resourceGroups/it-default-rg/providers/Microsoft.Network/virtualNetworks/it-default-vnet/subnets/subnet1"
              }
            ],
            "location": "eastus",
            "mac_address": "",
            "name": "it-default-nic",
            "private_ip_address": "10.0.1.4",
            "private_ip_addresses": [
              "10.0.1.4"
            ],
            "resource_group_name": "it-default-rg",
            "tags": {
              "Owner": "Kalyan Reddy Daida",
              "Service": "Demo Services"
            },
            "timeouts": null,
            "virtual_machine_id": ""
          },
          "sensitive_attributes": [],
          "private": "eyJlMmJmYjczMC1lY2FhLTExZTYtOGY4OC0zNDM2M2JjN2M0YzAiOnsiY3JlYXRlIjoxODAwMDAwMDAwMDAwLCJkZWxldGUiOjE4MDAwMDAwMDAwMDAsInJlYWQiOjMwMDAwMDAwMDAwMCwidXBkYXRlIjoxODAwMDAwMDAwMDAwfX0=",
          "dependencies": [
            "azurerm_public_ip.mypublicip",
            "azurerm_resource_group.myrg",
            "module.vnet.azurerm_subnet.subnet",
            "module.vnet.azurerm_virtual_network.vnet",
            "module.vnet.data.azurerm_resource_group.vnet",
            "random_string.myrandom"
          ]
        }
      ]
    },
    {
      "mode": "managed",
      "type": "azurerm_public_ip",
      "name": "mypublicip",
      "provider": "provider[\"registry.terraform.io/hashicorp/azurerm\"]",
      "instances": [
        {
          "schema_version": 0,
          "attributes": {
            "allocation_method": "Static",
            "availability_zone": "No-Zone",
            "domain_name_label": "app1-default-sedozu",
            "fqdn": "app1-default-sedozu.eastus.cloudapp.azure.com",
            "id": "/subscriptions/80354813-7786-414f-93f2-49a33ce62057/resourceGroups/it-default-rg/providers/Microsoft.Network/publicIPAddresses/it-default-publicip",
            "idle_timeout_in_minutes": 4,
            "ip_address": "52.170.67.50",
            "ip_tags": null,
            "ip_version": "IPv4",
            "location": "eastus",
            "name": "it-default-publicip",
            "public_ip_prefix_id": null,
            "resource_group_name": "it-default-rg",
            "reverse_fqdn": "",
            "sku": "Basic",
            "sku_tier": "Regional",
            "tags": {
              "Owner": "Kalyan Reddy Daida",
              "Service": "Demo Services"
            },
            "timeouts": null,
            "zones": []
          },
          "sensitive_attributes": [],
          "private": "eyJlMmJmYjczMC1lY2FhLTExZTYtOGY4OC0zNDM2M2JjN2M0YzAiOnsiY3JlYXRlIjoxODAwMDAwMDAwMDAwLCJkZWxldGUiOjE4MDAwMDAwMDAwMDAsInJlYWQiOjMwMDAwMDAwMDAwMCwidXBkYXRlIjoxODAwMDAwMDAwMDAwfX0=",
          "dependencies": [
            "azurerm_resource_group.myrg",
            "random_string.myrandom"
          ]
        }
      ]
    },
    {
      "mode": "managed",
      "type": "azurerm_resource_group",
      "name": "myrg",
      "provider": "provider[\"registry.terraform.io/hashicorp/azurerm\"]",
      "instances": [
        {
          "schema_version": 0,
          "attributes": {
            "id": "/subscriptions/80354813-7786-414f-93f2-49a33ce62057/resourceGroups/it-default-rg",
            "location": "eastus",
            "name": "it-default-rg",
            "tags": {
              "Owner": "Kalyan Reddy Daida",
              "Service": "Demo Services"
            },
            "timeouts": null
          },
          "sensitive_attributes": [],
          "private": "eyJlMmJmYjczMC1lY2FhLTExZTYtOGY4OC0zNDM2M2JjN2M0YzAiOnsiY3JlYXRlIjo1NDAwMDAwMDAwMDAwLCJkZWxldGUiOjU0MDAwMDAwMDAwMDAsInJlYWQiOjMwMDAwMDAwMDAwMCwidXBkYXRlIjo1NDAwMDAwMDAwMDAwfX0="
        }
      ]
    },
    {
      "mode": "managed",
      "type": "random_string",
      "name": "myrandom",
      "provider": "provider[\"registry.terraform.io/hashicorp/random\"]",
      "instances": [
        {
          "schema_version": 1,
          "attributes": {
            "id": "sedozu",
            "keepers": null,
            "length": 6,
            "lower": true,
            "min_lower": 0,
            "min_numeric": 0,
            "min_special": 0,
            "min_upper": 0,
            "number": false,
            "override_special": null,
            "result": "sedozu",
            "special": false,
            "upper": false
          },
          "sensitive_attributes": [],
          "private": "eyJzY2hlbWFfdmVyc2lvbiI6IjEifQ=="
        }
      ]
    },
    {
      "module": "module.vnet",
      "mode": "data",
      "type": "azurerm_resource_group",
      "name": "vnet",
      "provider": "provider[\"registry.terraform.io/hashicorp/azurerm\"]",
      "instances": [
        {
          "schema_version": 0,
          "attributes": {
            "id": "/subscriptions/80354813-7786-414f-93f2-49a33ce62057/resourceGroups/it-default-rg",
            "location": "eastus",
            "name": "it-default-rg",
            "tags": {
              "Owner": "Kalyan Reddy Daida",
              "Service": "Demo Services"
            },
            "timeouts": null
          },
          "sensitive_attributes": []
        }
      ]
    },
    {
      "module": "module.vnet",
      "mode": "managed",
      "type": "azurerm_subnet",
      "name": "subnet",
      "provider": "provider[\"registry.terraform.io/hashicorp/azurerm\"]",
      "instances": [
        {
          "index_key": 0,
          "schema_version": 0,
          "attributes": {
            "address_prefix": "10.0.1.0/24",
            "address_prefixes": [
              "10.0.1.0/24"
            ],
            "delegation": [],
            "enforce_private_link_endpoint_network_policies": false,
            "enforce_private_link_service_network_policies": false,
            "id": "/subscriptions/80354813-7786-414f-93f2-49a33ce62057/resourceGroups/it-default-rg/providers/Microsoft.Network/virtualNetworks/it-default-vnet/subnets/subnet1",
            "name": "subnet1",
            "resource_group_name": "it-default-rg",
            "service_endpoint_policy_ids": null,
            "service_endpoints": null,
            "timeouts": null,
            "virtual_network_name": "it-default-vnet"
          },
          "sensitive_attributes": [],
          "private": "eyJlMmJmYjczMC1lY2FhLTExZTYtOGY4OC0zNDM2M2JjN2M0YzAiOnsiY3JlYXRlIjoxODAwMDAwMDAwMDAwLCJkZWxldGUiOjE4MDAwMDAwMDAwMDAsInJlYWQiOjMwMDAwMDAwMDAwMCwidXBkYXRlIjoxODAwMDAwMDAwMDAwfX0=",
          "dependencies": [
            "azurerm_resource_group.myrg",
            "module.vnet.azurerm_virtual_network.vnet",
            "module.vnet.data.azurerm_resource_group.vnet"
          ]
        },
        {
          "index_key": 1,
          "schema_version": 0,
          "attributes": {
            "address_prefix": "10.0.2.0/24",
            "address_prefixes": [
              "10.0.2.0/24"
            ],
            "delegation": [],
            "enforce_private_link_endpoint_network_policies": false,
            "enforce_private_link_service_network_policies": false,
            "id": "/subscriptions/80354813-7786-414f-93f2-49a33ce62057/resourceGroups/it-default-rg/providers/Microsoft.Network/virtualNetworks/it-default-vnet/subnets/subnet2",
            "name": "subnet2",
            "resource_group_name": "it-default-rg",
            "service_endpoint_policy_ids": null,
            "service_endpoints": [
              "Microsoft.Storage",
              "Microsoft.Sql"
            ],
            "timeouts": null,
            "virtual_network_name": "it-default-vnet"
          },
          "sensitive_attributes": [],
          "private": "eyJlMmJmYjczMC1lY2FhLTExZTYtOGY4OC0zNDM2M2JjN2M0YzAiOnsiY3JlYXRlIjoxODAwMDAwMDAwMDAwLCJkZWxldGUiOjE4MDAwMDAwMDAwMDAsInJlYWQiOjMwMDAwMDAwMDAwMCwidXBkYXRlIjoxODAwMDAwMDAwMDAwfX0=",
          "dependencies": [
            "azurerm_resource_group.myrg",
            "module.vnet.azurerm_virtual_network.vnet",
            "module.vnet.data.azurerm_resource_group.vnet"
          ]
        },
        {
          "index_key": 2,
          "schema_version": 0,
          "attributes": {
            "address_prefix": "10.0.3.0/24",
            "address_prefixes": [
              "10.0.3.0/24"
            ],
            "delegation": [],
            "enforce_private_link_endpoint_network_policies": false,
            "enforce_private_link_service_network_policies": false,
            "id": "/subscriptions/80354813-7786-414f-93f2-49a33ce62057/resourceGroups/it-default-rg/providers/Microsoft.Network/virtualNetworks/it-default-vnet/subnets/subnet3",
            "name": "subnet3",
            "resource_group_name": "it-default-rg",
            "service_endpoint_policy_ids": null,
            "service_endpoints": [
              "Microsoft.AzureActiveDirectory"
            ],
            "timeouts": null,
            "virtual_network_name": "it-default-vnet"
          },
          "sensitive_attributes": [],
          "private": "eyJlMmJmYjczMC1lY2FhLTExZTYtOGY4OC0zNDM2M2JjN2M0YzAiOnsiY3JlYXRlIjoxODAwMDAwMDAwMDAwLCJkZWxldGUiOjE4MDAwMDAwMDAwMDAsInJlYWQiOjMwMDAwMDAwMDAwMCwidXBkYXRlIjoxODAwMDAwMDAwMDAwfX0=",
          "dependencies": [
            "azurerm_resource_group.myrg",
            "module.vnet.azurerm_virtual_network.vnet",
            "module.vnet.data.azurerm_resource_group.vnet"
          ]
        }
      ]
    },
    {
      "module": "module.vnet",
      "mode": "managed",
      "type": "azurerm_virtual_network",
      "name": "vnet",
      "provider": "provider[\"registry.terraform.io/hashicorp/azurerm\"]",
      "instances": [
        {
          "schema_version": 0,
          "attributes": {
            "address_space": [
              "10.0.0.0/16"
            ],
            "bgp_community": "",
            "ddos_protection_plan": [],
            "dns_servers": [],
            "guid": "03e5d856-649b-4835-b8fa-aab4ce0a538c",
            "id": "/subscriptions/80354813-7786-414f-93f2-49a33ce62057/resourceGroups/it-default-rg/providers/Microsoft.Network/virtualNetworks/it-default-vnet",
            "location": "eastus",
            "name": "it-default-vnet",
            "resource_group_name": "it-default-rg",
            "subnet": [],
            "tags": {
              "costcenter": "it",
              "environment": "dev"
            },
            "timeouts": null,
            "vm_protection_enabled": false
          },
          "sensitive_attributes": [],
          "private": "eyJlMmJmYjczMC1lY2FhLTExZTYtOGY4OC0zNDM2M2JjN2M0YzAiOnsiY3JlYXRlIjoxODAwMDAwMDAwMDAwLCJkZWxldGUiOjE4MDAwMDAwMDAwMDAsInJlYWQiOjMwMDAwMDAwMDAwMCwidXBkYXRlIjoxODAwMDAwMDAwMDAwfX0=",
          "dependencies": [
            "azurerm_resource_group.myrg",
            "module.vnet.data.azurerm_resource_group.vnet"
          ]
        }
      ]
    }
  ]
}
