{
  "version": 4,
  "terraform_version": "1.0.2",
  "serial": 12,
  "lineage": "e7ea0396-95e8-6bd9-fc1f-a81e14ef465d",
  "outputs": {
    "root_resource_group_id": {
      "value": "/subscriptions/80354813-7786-414f-93f2-49a33ce62057/resourceGroups/myrg1",
      "type": "string"
    },
    "root_resource_group_location": {
      "value": "eastus",
      "type": "string"
    },
    "root_resource_group_name": {
      "value": "myrg1",
      "type": "string"
    },
    "root_storage_account_id": {
      "value": "/subscriptions/80354813-7786-414f-93f2-49a33ce62057/resourceGroups/myrg1/providers/Microsoft.Storage/storageAccounts/staticwebsitehmvatb",
      "type": "string"
    },
    "root_storage_account_name": {
      "value": "staticwebsitehmvatb",
      "type": "string"
    }
  },
  "resources": [
    {
      "module": "module.azure_static_website",
      "mode": "managed",
      "type": "azurerm_resource_group",
      "name": "resource_group",
      "provider": "module.azure_static_website.provider[\"registry.terraform.io/hashicorp/azurerm\"]",
      "instances": [
        {
          "schema_version": 0,
          "attributes": {
            "id": "/subscriptions/80354813-7786-414f-93f2-49a33ce62057/resourceGroups/myrg1",
            "location": "eastus",
            "name": "myrg1",
            "tags": null,
            "timeouts": null
          },
          "sensitive_attributes": [],
          "private": "eyJlMmJmYjczMC1lY2FhLTExZTYtOGY4OC0zNDM2M2JjN2M0YzAiOnsiY3JlYXRlIjo1NDAwMDAwMDAwMDAwLCJkZWxldGUiOjU0MDAwMDAwMDAwMDAsInJlYWQiOjMwMDAwMDAwMDAwMCwidXBkYXRlIjo1NDAwMDAwMDAwMDAwfX0="
        }
      ]
    },
    {
      "module": "module.azure_static_website",
      "mode": "managed",
      "type": "azurerm_storage_account",
      "name": "storage_account",
      "provider": "module.azure_static_website.provider[\"registry.terraform.io/hashicorp/azurerm\"]",
      "instances": [
        {
          "schema_version": 2,
          "attributes": {
            "access_tier": "Hot",
            "account_kind": "StorageV2",
            "account_replication_type": "LRS",
            "account_tier": "Standard",
            "allow_blob_public_access": false,
            "azure_files_authentication": [],
            "blob_properties": [
              {
                "change_feed_enabled": false,
                "container_delete_retention_policy": [],
                "cors_rule": [],
                "default_service_version": "",
                "delete_retention_policy": [],
                "last_access_time_enabled": false,
                "versioning_enabled": false
              }
            ],
            "custom_domain": [],
            "enable_https_traffic_only": true,
            "id": "/subscriptions/80354813-7786-414f-93f2-49a33ce62057/resourceGroups/myrg1/providers/Microsoft.Storage/storageAccounts/staticwebsitehmvatb",
            "identity": [],
            "is_hns_enabled": false,
            "large_file_share_enabled": null,
            "location": "eastus",
            "min_tls_version": "TLS1_0",
            "name": "staticwebsitehmvatb",
            "network_rules": [
              {
                "bypass": [
                  "AzureServices"
                ],
                "default_action": "Allow",
                "ip_rules": [],
                "private_link_access": [],
                "virtual_network_subnet_ids": []
              }
            ],
            "nfsv3_enabled": false,
            "primary_access_key": "iLGZppYcFZljij+pjHxqvyhhC6qFbswgkmSvJQGtkbEue8X84066KvTlGMsFIzLMazqRWP+XoJ0TAw10FhtCHg==",
            "primary_blob_connection_string": "DefaultEndpointsProtocol=https;BlobEndpoint=https://staticwebsitehmvatb.blob.core.windows.net/;AccountName=staticwebsitehmvatb;AccountKey=iLGZppYcFZljij+pjHxqvyhhC6qFbswgkmSvJQGtkbEue8X84066KvTlGMsFIzLMazqRWP+XoJ0TAw10FhtCHg==",
            "primary_blob_endpoint": "https://staticwebsitehmvatb.blob.core.windows.net/",
            "primary_blob_host": "staticwebsitehmvatb.blob.core.windows.net",
            "primary_connection_string": "DefaultEndpointsProtocol=https;AccountName=staticwebsitehmvatb;AccountKey=iLGZppYcFZljij+pjHxqvyhhC6qFbswgkmSvJQGtkbEue8X84066KvTlGMsFIzLMazqRWP+XoJ0TAw10FhtCHg==;EndpointSuffix=core.windows.net",
            "primary_dfs_endpoint": "https://staticwebsitehmvatb.dfs.core.windows.net/",
            "primary_dfs_host": "staticwebsitehmvatb.dfs.core.windows.net",
            "primary_file_endpoint": "https://staticwebsitehmvatb.file.core.windows.net/",
            "primary_file_host": "staticwebsitehmvatb.file.core.windows.net",
            "primary_location": "eastus",
            "primary_queue_endpoint": "https://staticwebsitehmvatb.queue.core.windows.net/",
            "primary_queue_host": "staticwebsitehmvatb.queue.core.windows.net",
            "primary_table_endpoint": "https://staticwebsitehmvatb.table.core.windows.net/",
            "primary_table_host": "staticwebsitehmvatb.table.core.windows.net",
            "primary_web_endpoint": "https://staticwebsitehmvatb.z13.web.core.windows.net/",
            "primary_web_host": "staticwebsitehmvatb.z13.web.core.windows.net",
            "queue_properties": [
              {
                "cors_rule": [],
                "hour_metrics": [
                  {
                    "enabled": true,
                    "include_apis": true,
                    "retention_policy_days": 7,
                    "version": "1.0"
                  }
                ],
                "logging": [
                  {
                    "delete": false,
                    "read": false,
                    "retention_policy_days": 0,
                    "version": "1.0",
                    "write": false
                  }
                ],
                "minute_metrics": [
                  {
                    "enabled": false,
                    "include_apis": false,
                    "retention_policy_days": 0,
                    "version": "1.0"
                  }
                ]
              }
            ],
            "resource_group_name": "myrg1",
            "routing": [],
            "secondary_access_key": "S10ECC9Fsom72Tex50vvRvJ6GlWTCBJTIeyuzxHvU30kOSOQxpf2MppWOajT1NVmZ0viI+Etxhd0PaDMc/pOaQ==",
            "secondary_blob_connection_string": "",
            "secondary_blob_endpoint": null,
            "secondary_blob_host": null,
            "secondary_connection_string": "DefaultEndpointsProtocol=https;AccountName=staticwebsitehmvatb;AccountKey=S10ECC9Fsom72Tex50vvRvJ6GlWTCBJTIeyuzxHvU30kOSOQxpf2MppWOajT1NVmZ0viI+Etxhd0PaDMc/pOaQ==;EndpointSuffix=core.windows.net",
            "secondary_dfs_endpoint": null,
            "secondary_dfs_host": null,
            "secondary_file_endpoint": null,
            "secondary_file_host": null,
            "secondary_location": "",
            "secondary_queue_endpoint": null,
            "secondary_queue_host": null,
            "secondary_table_endpoint": null,
            "secondary_table_host": null,
            "secondary_web_endpoint": null,
            "secondary_web_host": null,
            "share_properties": [
              {
                "cors_rule": [],
                "retention_policy": [
                  {
                    "days": 7
                  }
                ],
                "smb": []
              }
            ],
            "static_website": [
              {
                "error_404_document": "error.html",
                "index_document": "index.html"
              }
            ],
            "tags": null,
            "timeouts": null
          },
          "sensitive_attributes": [],
          "private": "eyJlMmJmYjczMC1lY2FhLTExZTYtOGY4OC0zNDM2M2JjN2M0YzAiOnsiY3JlYXRlIjozNjAwMDAwMDAwMDAwLCJkZWxldGUiOjM2MDAwMDAwMDAwMDAsInJlYWQiOjMwMDAwMDAwMDAwMCwidXBkYXRlIjozNjAwMDAwMDAwMDAwfSwic2NoZW1hX3ZlcnNpb24iOiIyIn0=",
          "dependencies": [
            "module.azure_static_website.azurerm_resource_group.resource_group",
            "module.azure_static_website.random_string.myrandom"
          ]
        }
      ]
    },
    {
      "module": "module.azure_static_website",
      "mode": "managed",
      "type": "random_string",
      "name": "myrandom",
      "provider": "provider[\"registry.terraform.io/hashicorp/random\"]",
      "instances": [
        {
          "schema_version": 1,
          "attributes": {
            "id": "hmvatb",
            "keepers": null,
            "length": 6,
            "lower": true,
            "min_lower": 0,
            "min_numeric": 0,
            "min_special": 0,
            "min_upper": 0,
            "number": false,
            "override_special": null,
            "result": "hmvatb",
            "special": false,
            "upper": false
          },
          "sensitive_attributes": [],
          "private": "eyJzY2hlbWFfdmVyc2lvbiI6IjEifQ=="
        }
      ]
    }
  ]
}
